# This file is automatically @generated by pesde.
# It is not intended for manual editing.
format = 2
name = "attr/root"
version = "0.0.0"
target = "luau"

[workspace."attr_sync/root"]
luau = "pkgs/attr-sync"

[workspace."ernisto/attr"]
luau = "pkgs/attr"

[workspace."ernisto/attr_save"]
luau = "pkgs/attr-save"

[workspace."ernisto/attr_sync"]
luau = "pkgs/attr-sync/shared"

[workspace."ernisto/attr_sync_client"]
luau = "pkgs/attr-sync/client"

[workspace."ernisto/attr_sync_server"]
luau = "pkgs/attr-sync/server"
