# This file is automatically @generated by pesde.
# It is not intended for manual editing.
format = 2
name = "ernisto/attr_save"
version = "0.0.1-alpha.2"
target = "luau"

[graph."ernisto/attr@0.0.1-alpha.7 luau"]
direct = ["attr", { workspace = "ernisto/attr", version = "^" }, "standard"]

[graph."ernisto/attr@0.0.1-alpha.7 luau".pkg_ref]
ref_ty = "workspace"
path = "pkgs/attr"
