# This file is automatically @generated by pesde.
# It is not intended for manual editing.
format = 2
name = "ernisto/attr_sync_server"
version = "0.0.1-alpha.3"
target = "luau"

[graph."ernisto/attr@0.0.1-alpha.6 luau"]
direct = ["attr", { workspace = "ernisto/attr", version = "^" }, "standard"]

[graph."ernisto/attr@0.0.1-alpha.6 luau".pkg_ref]
ref_ty = "workspace"
path = "pkgs/attr"

[graph."ernisto/attr_sync@0.0.1-alpha.3 luau"]
direct = ["attr_sync", { workspace = "ernisto/attr_sync", version = "^" }, "standard"]

[graph."ernisto/attr_sync@0.0.1-alpha.3 luau".dependencies]
attr = ["ernisto/attr@0.0.1-alpha.6 luau", "standard"]

[graph."ernisto/attr_sync@0.0.1-alpha.3 luau".pkg_ref]
ref_ty = "workspace"
path = "pkgs/attr-sync/shared"

[graph."ernisto/attr_sync@0.0.1-alpha.3 luau".pkg_ref.dependencies]
attr = [{ workspace = "ernisto/attr", version = "^" }, "standard"]
